
Microsoft Visual Studio Solution File, Format Version 12.00
# Visual Studio Version 16
VisualStudioVersion = 16.0.30503.244
MinimumVisualStudioVersion = 10.0.40219.1
Project("{FAE04EC0-301F-11D3-BF4B-00C04F79EFBC}") = "Matching Game", "Matching Game\Matching Game.csproj", "{6EAF6016-F916-443C-8A18-BC518D3442EF}"
EndProject
Global
	GlobalSection(SolutionConfigurationPlatforms) = preSolution
		Debug|Any CPU = Debug|Any CPU
		Release|Any CPU = Release|Any CPU
	EndGlobalSection
	GlobalSection(ProjectConfigurationPlatforms) = postSolution
		{6EAF6016-F916-443C-8A18-BC518D3442EF}.Debug|Any CPU.ActiveCfg = Debug|Any CPU
		{6EAF6016-F916-443C-8A18-BC518D3442EF}.Debug|Any CPU.Build.0 = Debug|Any CPU
		{6EAF6016-F916-443C-8A18-BC518D3442EF}.Release|Any CPU.ActiveCfg = Release|Any CPU
		{6EAF6016-F916-443C-8A18-BC518D3442EF}.Release|Any CPU.Build.0 = Release|Any CPU
	EndGlobalSection
	GlobalSection(SolutionProperties) = preSolution
		HideSolutionNode = FALSE
	EndGlobalSection
	GlobalSection(ExtensibilityGlobals) = postSolution
		SolutionGuid = {5542093D-6101-465C-A2D2-F8E875188D4D}
	EndGlobalSection
EndGlobal
